// !$*UTF8*$!
{
	archiveVersion = 1;
	classes = {
	};
	objectVersion = 50;
	objects = {

/* Begin PBXBuildFile section */
		C42616CF25FEBB890097346D /* Cuvva.plist in Resources */ = {isa = PBXBuildFile; fileRef = C42616CE25FEBB890097346D /* Cuvva.plist */; };
		C42616D225FEBC1C0097346D /* CuvvaConfiguration.swift in Sources */ = {isa = PBXBuildFile; fileRef = C42616D125FEBC1C0097346D /* CuvvaConfiguration.swift */; };
		C42616D725FEBC6F0097346D /* PolicyDTO.swift in Sources */ = {isa = PBXBuildFile; fileRef = C42616D625FEBC6F0097346D /* PolicyDTO.swift */; };
		C43A307C25FEB42300EB6302 /* PoliciesRepositable.swift in Sources */ = {isa = PBXBuildFile; fileRef = C43A307B25FEB42300EB6302 /* PoliciesRepositable.swift */; };
		C43A307F25FEB46A00EB6302 /* PoliciesRepository.swift in Sources */ = {isa = PBXBuildFile; fileRef = C43A307E25FEB46A00EB6302 /* PoliciesRepository.swift */; };
		C43A308225FEB4E100EB6302 /* PoliciesDataSourceable.swift in Sources */ = {isa = PBXBuildFile; fileRef = C43A308125FEB4E100EB6302 /* PoliciesDataSourceable.swift */; };
		C43A308625FEB56400EB6302 /* CuvvaDataSource.swift in Sources */ = {isa = PBXBuildFile; fileRef = C43A308525FEB56400EB6302 /* CuvvaDataSource.swift */; };
		C4B1137C25FE7B2E007B74B4 /* InsuranceApp.swift in Sources */ = {isa = PBXBuildFile; fileRef = C4B1137B25FE7B2E007B74B4 /* InsuranceApp.swift */; };
		C4B1137E25FE7B2E007B74B4 /* HomeView.swift in Sources */ = {isa = PBXBuildFile; fileRef = C4B1137D25FE7B2E007B74B4 /* HomeView.swift */; };
		C4B1138025FE7B2E007B74B4 /* Images.xcassets in Resources */ = {isa = PBXBuildFile; fileRef = C4B1137F25FE7B2E007B74B4 /* Images.xcassets */; };
		C4B1139725FE85D5007B74B4 /* Colors.xcassets in Resources */ = {isa = PBXBuildFile; fileRef = C4B1139625FE85D5007B74B4 /* Colors.xcassets */; };
/* End PBXBuildFile section */

/* Begin PBXFileReference section */
		C42616CE25FEBB890097346D /* Cuvva.plist */ = {isa = PBXFileReference; lastKnownFileType = text.plist.xml; path = Cuvva.plist; sourceTree = "<group>"; };
		C42616D125FEBC1C0097346D /* CuvvaConfiguration.swift */ = {isa = PBXFileReference; lastKnownFileType = sourcecode.swift; path = CuvvaConfiguration.swift; sourceTree = "<group>"; };
		C42616D625FEBC6F0097346D /* PolicyDTO.swift */ = {isa = PBXFileReference; lastKnownFileType = sourcecode.swift; path = PolicyDTO.swift; sourceTree = "<group>"; };
		C43A307B25FEB42300EB6302 /* PoliciesRepositable.swift */ = {isa = PBXFileReference; lastKnownFileType = sourcecode.swift; path = PoliciesRepositable.swift; sourceTree = "<group>"; };
		C43A307E25FEB46A00EB6302 /* PoliciesRepository.swift */ = {isa = PBXFileReference; lastKnownFileType = sourcecode.swift; path = PoliciesRepository.swift; sourceTree = "<group>"; };
		C43A308125FEB4E100EB6302 /* PoliciesDataSourceable.swift */ = {isa = PBXFileReference; lastKnownFileType = sourcecode.swift; path = PoliciesDataSourceable.swift; sourceTree = "<group>"; };
		C43A308525FEB56400EB6302 /* CuvvaDataSource.swift */ = {isa = PBXFileReference; lastKnownFileType = sourcecode.swift; path = CuvvaDataSource.swift; sourceTree = "<group>"; };
		C4B1137825FE7B2E007B74B4 /* Insurance.app */ = {isa = PBXFileReference; explicitFileType = wrapper.application; includeInIndex = 0; path = Insurance.app; sourceTree = BUILT_PRODUCTS_DIR; };
		C4B1137B25FE7B2E007B74B4 /* InsuranceApp.swift */ = {isa = PBXFileReference; lastKnownFileType = sourcecode.swift; path = InsuranceApp.swift; sourceTree = "<group>"; };
		C4B1137D25FE7B2E007B74B4 /* HomeView.swift */ = {isa = PBXFileReference; lastKnownFileType = sourcecode.swift; path = HomeView.swift; sourceTree = "<group>"; };
		C4B1137F25FE7B2E007B74B4 /* Images.xcassets */ = {isa = PBXFileReference; lastKnownFileType = folder.assetcatalog; path = Images.xcassets; sourceTree = "<group>"; };
		C4B1138425FE7B2E007B74B4 /* Info.plist */ = {isa = PBXFileReference; lastKnownFileType = text.plist.xml; path = Info.plist; sourceTree = "<group>"; };
		C4B1139625FE85D5007B74B4 /* Colors.xcassets */ = {isa = PBXFileReference; lastKnownFileType = folder.assetcatalog; path = Colors.xcassets; sourceTree = "<group>"; };
/* End PBXFileReference section */

/* Begin PBXFrameworksBuildPhase section */
		C4B1137525FE7B2D007B74B4 /* Frameworks */ = {
			isa = PBXFrameworksBuildPhase;
			buildActionMask = 2147483647;
			files = (
			);
			runOnlyForDeploymentPostprocessing = 0;
		};
/* End PBXFrameworksBuildPhase section */

/* Begin PBXGroup section */
		C42616CD25FEBB760097346D /* Configuration */ = {
			isa = PBXGroup;
			children = (
				C42616CE25FEBB890097346D /* Cuvva.plist */,
				C42616D125FEBC1C0097346D /* CuvvaConfiguration.swift */,
			);
			path = Configuration;
			sourceTree = "<group>";
		};
		C42616D425FEBC3D0097346D /* Entities */ = {
			isa = PBXGroup;
			children = (
				C42616D625FEBC6F0097346D /* PolicyDTO.swift */,
			);
			path = Entities;
			sourceTree = "<group>";
		};
		C42616D525FEBC480097346D /* DataSources */ = {
			isa = PBXGroup;
			children = (
				C43A308525FEB56400EB6302 /* CuvvaDataSource.swift */,
			);
			path = DataSources;
			sourceTree = "<group>";
		};
		C43A307625FEB3A100EB6302 /* Protocols */ = {
			isa = PBXGroup;
			children = (
				C43A307725FEB3AB00EB6302 /* Repositories */,
			);
			path = Protocols;
			sourceTree = "<group>";
		};
		C43A307725FEB3AB00EB6302 /* Repositories */ = {
			isa = PBXGroup;
			children = (
				C43A307B25FEB42300EB6302 /* PoliciesRepositable.swift */,
			);
			path = Repositories;
			sourceTree = "<group>";
		};
		C43A307825FEB3B300EB6302 /* Repositories */ = {
			isa = PBXGroup;
			children = (
				C43A307E25FEB46A00EB6302 /* PoliciesRepository.swift */,
			);
			path = Repositories;
			sourceTree = "<group>";
		};
		C43A307925FEB3BA00EB6302 /* DataSources */ = {
			isa = PBXGroup;
			children = (
				C43A308425FEB53F00EB6302 /* Cuvva */,
			);
			path = DataSources;
			sourceTree = "<group>";
		};
		C43A307A25FEB3C200EB6302 /* Protocols */ = {
			isa = PBXGroup;
			children = (
				C43A308125FEB4E100EB6302 /* PoliciesDataSourceable.swift */,
			);
			path = Protocols;
			sourceTree = "<group>";
		};
		C43A308425FEB53F00EB6302 /* Cuvva */ = {
			isa = PBXGroup;
			children = (
				C42616CD25FEBB760097346D /* Configuration */,
				C42616D425FEBC3D0097346D /* Entities */,
				C42616D525FEBC480097346D /* DataSources */,
			);
			path = Cuvva;
			sourceTree = "<group>";
		};
		C4B1136F25FE7B2D007B74B4 = {
			isa = PBXGroup;
			children = (
				C4B1137A25FE7B2E007B74B4 /* Insurance */,
				C4B1137925FE7B2E007B74B4 /* Products */,
			);
			sourceTree = "<group>";
		};
		C4B1137925FE7B2E007B74B4 /* Products */ = {
			isa = PBXGroup;
			children = (
				C4B1137825FE7B2E007B74B4 /* Insurance.app */,
			);
			name = Products;
			sourceTree = "<group>";
		};
		C4B1137A25FE7B2E007B74B4 /* Insurance */ = {
			isa = PBXGroup;
			children = (
				C4B1138C25FE854E007B74B4 /* Application */,
				C4B1138B25FE8546007B74B4 /* Presentation */,
				C4B1138D25FE8553007B74B4 /* Domain */,
				C4B1138E25FE8557007B74B4 /* Data */,
			);
			path = Insurance;
			sourceTree = "<group>";
		};
		C4B1138B25FE8546007B74B4 /* Presentation */ = {
			isa = PBXGroup;
			children = (
				C4B1139925FE85EC007B74B4 /* Scenes */,
				C4B1139525FE85C1007B74B4 /* Assets */,
			);
			path = Presentation;
			sourceTree = "<group>";
		};
		C4B1138C25FE854E007B74B4 /* Application */ = {
			isa = PBXGroup;
			children = (
				C4B1139425FE85B3007B74B4 /* Lifecycle */,
				C4B1138F25FE8564007B74B4 /* Configuration */,
			);
			path = Application;
			sourceTree = "<group>";
		};
		C4B1138D25FE8553007B74B4 /* Domain */ = {
			isa = PBXGroup;
			children = (
				C43A307625FEB3A100EB6302 /* Protocols */,
			);
			path = Domain;
			sourceTree = "<group>";
		};
		C4B1138E25FE8557007B74B4 /* Data */ = {
			isa = PBXGroup;
			children = (
				C43A307A25FEB3C200EB6302 /* Protocols */,
				C43A307825FEB3B300EB6302 /* Repositories */,
				C43A307925FEB3BA00EB6302 /* DataSources */,
			);
			path = Data;
			sourceTree = "<group>";
		};
		C4B1138F25FE8564007B74B4 /* Configuration */ = {
			isa = PBXGroup;
			children = (
				C4B1138425FE7B2E007B74B4 /* Info.plist */,
			);
			path = Configuration;
			sourceTree = "<group>";
		};
		C4B1139425FE85B3007B74B4 /* Lifecycle */ = {
			isa = PBXGroup;
			children = (
				C4B1137B25FE7B2E007B74B4 /* InsuranceApp.swift */,
			);
			path = Lifecycle;
			sourceTree = "<group>";
		};
		C4B1139525FE85C1007B74B4 /* Assets */ = {
			isa = PBXGroup;
			children = (
				C4B1137F25FE7B2E007B74B4 /* Images.xcassets */,
				C4B1139625FE85D5007B74B4 /* Colors.xcassets */,
			);
			path = Assets;
			sourceTree = "<group>";
		};
		C4B1139925FE85EC007B74B4 /* Scenes */ = {
			isa = PBXGroup;
			children = (
				C4B1139A25FE85F2007B74B4 /* Home */,
			);
			path = Scenes;
			sourceTree = "<group>";
		};
		C4B1139A25FE85F2007B74B4 /* Home */ = {
			isa = PBXGroup;
			children = (
				C4B1139B25FE85F8007B74B4 /* Views */,
			);
			path = Home;
			sourceTree = "<group>";
		};
		C4B1139B25FE85F8007B74B4 /* Views */ = {
			isa = PBXGroup;
			children = (
				C4B1137D25FE7B2E007B74B4 /* HomeView.swift */,
			);
			path = Views;
			sourceTree = "<group>";
		};
/* End PBXGroup section */

/* Begin PBXNativeTarget section */
		C4B1137725FE7B2D007B74B4 /* Insurance */ = {
			isa = PBXNativeTarget;
			buildConfigurationList = C4B1138725FE7B2E007B74B4 /* Build configuration list for PBXNativeTarget "Insurance" */;
			buildPhases = (
				C4B1137425FE7B2D007B74B4 /* Sources */,
				C4B1137525FE7B2D007B74B4 /* Frameworks */,
				C4B1137625FE7B2D007B74B4 /* Resources */,
				C43A307225FE9CFD00EB6302 /* SwiftLint */,
			);
			buildRules = (
			);
			dependencies = (
			);
			name = Insurance;
			productName = Insurance;
			productReference = C4B1137825FE7B2E007B74B4 /* Insurance.app */;
			productType = "com.apple.product-type.application";
		};
/* End PBXNativeTarget section */

/* Begin PBXProject section */
		C4B1137025FE7B2D007B74B4 /* Project object */ = {
			isa = PBXProject;
			attributes = {
				LastSwiftUpdateCheck = 1240;
				LastUpgradeCheck = 1240;
				TargetAttributes = {
					C4B1137725FE7B2D007B74B4 = {
						CreatedOnToolsVersion = 12.4;
					};
				};
			};
			buildConfigurationList = C4B1137325FE7B2D007B74B4 /* Build configuration list for PBXProject "Insurance" */;
			compatibilityVersion = "Xcode 9.3";
			developmentRegion = en;
			hasScannedForEncodings = 0;
			knownRegions = (
				en,
				Base,
			);
			mainGroup = C4B1136F25FE7B2D007B74B4;
			productRefGroup = C4B1137925FE7B2E007B74B4 /* Products */;
			projectDirPath = "";
			projectRoot = "";
			targets = (
				C4B1137725FE7B2D007B74B4 /* Insurance */,
			);
		};
/* End PBXProject section */

/* Begin PBXResourcesBuildPhase section */
		C4B1137625FE7B2D007B74B4 /* Resources */ = {
			isa = PBXResourcesBuildPhase;
			buildActionMask = 2147483647;
			files = (
				C4B1138025FE7B2E007B74B4 /* Images.xcassets in Resources */,
				C4B1139725FE85D5007B74B4 /* Colors.xcassets in Resources */,
				C42616CF25FEBB890097346D /* Cuvva.plist in Resources */,
			);
			runOnlyForDeploymentPostprocessing = 0;
		};
/* End PBXResourcesBuildPhase section */

/* Begin PBXShellScriptBuildPhase section */
		C43A307225FE9CFD00EB6302 /* SwiftLint */ = {
			isa = PBXShellScriptBuildPhase;
			buildActionMask = 2147483647;
			files = (
			);
			inputFileListPaths = (
			);
			inputPaths = (
			);
			name = SwiftLint;
			outputFileListPaths = (
			);
			outputPaths = (
			);
			runOnlyForDeploymentPostprocessing = 0;
			shellPath = /bin/sh;
			shellScript = "if which swiftlint >/dev/null; then\n  swiftlint\nelse\n  echo \"warning: SwiftLint not installed, download from https://github.com/realm/SwiftLint\"\nfi\n";
		};
/* End PBXShellScriptBuildPhase section */

/* Begin PBXSourcesBuildPhase section */
		C4B1137425FE7B2D007B74B4 /* Sources */ = {
			isa = PBXSourcesBuildPhase;
			buildActionMask = 2147483647;
			files = (
				C4B1137E25FE7B2E007B74B4 /* HomeView.swift in Sources */,
				C42616D725FEBC6F0097346D /* PolicyDTO.swift in Sources */,
				C4B1137C25FE7B2E007B74B4 /* InsuranceApp.swift in Sources */,
				C43A307C25FEB42300EB6302 /* PoliciesRepositable.swift in Sources */,
				C42616D225FEBC1C0097346D /* CuvvaConfiguration.swift in Sources */,
				C43A308225FEB4E100EB6302 /* PoliciesDataSourceable.swift in Sources */,
				C43A308625FEB56400EB6302 /* CuvvaDataSource.swift in Sources */,
				C43A307F25FEB46A00EB6302 /* PoliciesRepository.swift in Sources */,
			);
			runOnlyForDeploymentPostprocessing = 0;
		};
/* End PBXSourcesBuildPhase section */

/* Begin XCBuildConfiguration section */
		C4B1138525FE7B2E007B74B4 /* Debug */ = {
			isa = XCBuildConfiguration;
			buildSettings = {
				ALWAYS_SEARCH_USER_PATHS = NO;
				CLANG_ANALYZER_NONNULL = YES;
				CLANG_ANALYZER_NUMBER_OBJECT_CONVERSION = YES_AGGRESSIVE;
				CLANG_CXX_LANGUAGE_STANDARD = "gnu++14";
				CLANG_CXX_LIBRARY = "libc++";
				CLANG_ENABLE_MODULES = YES;
				CLANG_ENABLE_OBJC_ARC = YES;
				CLANG_ENABLE_OBJC_WEAK = YES;
				CLANG_WARN_BLOCK_CAPTURE_AUTORELEASING = YES;
				CLANG_WARN_BOOL_CONVERSION = YES;
				CLANG_WARN_COMMA = YES;
				CLANG_WARN_CONSTANT_CONVERSION = YES;
				CLANG_WARN_DEPRECATED_OBJC_IMPLEMENTATIONS = YES;
				CLANG_WARN_DIRECT_OBJC_ISA_USAGE = YES_ERROR;
				CLANG_WARN_DOCUMENTATION_COMMENTS = YES;
				CLANG_WARN_EMPTY_BODY = YES;
				CLANG_WARN_ENUM_CONVERSION = YES;
				CLANG_WARN_INFINITE_RECURSION = YES;
				CLANG_WARN_INT_CONVERSION = YES;
				CLANG_WARN_NON_LITERAL_NULL_CONVERSION = YES;
				CLANG_WARN_OBJC_IMPLICIT_RETAIN_SELF = YES;
				CLANG_WARN_OBJC_LITERAL_CONVERSION = YES;
				CLANG_WARN_OBJC_ROOT_CLASS = YES_ERROR;
				CLANG_WARN_QUOTED_INCLUDE_IN_FRAMEWORK_HEADER = YES;
				CLANG_WARN_RANGE_LOOP_ANALYSIS = YES;
				CLANG_WARN_STRICT_PROTOTYPES = YES;
				CLANG_WARN_SUSPICIOUS_MOVE = YES;
				CLANG_WARN_UNGUARDED_AVAILABILITY = YES_AGGRESSIVE;
				CLANG_WARN_UNREACHABLE_CODE = YES;
				CLANG_WARN__DUPLICATE_METHOD_MATCH = YES;
				COPY_PHASE_STRIP = NO;
				DEBUG_INFORMATION_FORMAT = dwarf;
				ENABLE_STRICT_OBJC_MSGSEND = YES;
				ENABLE_TESTABILITY = YES;
				GCC_C_LANGUAGE_STANDARD = gnu11;
				GCC_DYNAMIC_NO_PIC = NO;
				GCC_NO_COMMON_BLOCKS = YES;
				GCC_OPTIMIZATION_LEVEL = 0;
				GCC_PREPROCESSOR_DEFINITIONS = (
					"DEBUG=1",
					"$(inherited)",
				);
				GCC_WARN_64_TO_32_BIT_CONVERSION = YES;
				GCC_WARN_ABOUT_RETURN_TYPE = YES_ERROR;
				GCC_WARN_UNDECLARED_SELECTOR = YES;
				GCC_WARN_UNINITIALIZED_AUTOS = YES_AGGRESSIVE;
				GCC_WARN_UNUSED_FUNCTION = YES;
				GCC_WARN_UNUSED_VARIABLE = YES;
				IPHONEOS_DEPLOYMENT_TARGET = 14.4;
				MTL_ENABLE_DEBUG_INFO = INCLUDE_SOURCE;
				MTL_FAST_MATH = YES;
				ONLY_ACTIVE_ARCH = YES;
				SDKROOT = iphoneos;
				SWIFT_ACTIVE_COMPILATION_CONDITIONS = DEBUG;
				SWIFT_OPTIMIZATION_LEVEL = "-Onone";
			};
			name = Debug;
		};
		C4B1138625FE7B2E007B74B4 /* Release */ = {
			isa = XCBuildConfiguration;
			buildSettings = {
				ALWAYS_SEARCH_USER_PATHS = NO;
				CLANG_ANALYZER_NONNULL = YES;
				CLANG_ANALYZER_NUMBER_OBJECT_CONVERSION = YES_AGGRESSIVE;
				CLANG_CXX_LANGUAGE_STANDARD = "gnu++14";
				CLANG_CXX_LIBRARY = "libc++";
				CLANG_ENABLE_MODULES = YES;
				CLANG_ENABLE_OBJC_ARC = YES;
				CLANG_ENABLE_OBJC_WEAK = YES;
				CLANG_WARN_BLOCK_CAPTURE_AUTORELEASING = YES;
				CLANG_WARN_BOOL_CONVERSION = YES;
				CLANG_WARN_COMMA = YES;
				CLANG_WARN_CONSTANT_CONVERSION = YES;
				CLANG_WARN_DEPRECATED_OBJC_IMPLEMENTATIONS = YES;
				CLANG_WARN_DIRECT_OBJC_ISA_USAGE = YES_ERROR;
				CLANG_WARN_DOCUMENTATION_COMMENTS = YES;
				CLANG_WARN_EMPTY_BODY = YES;
				CLANG_WARN_ENUM_CONVERSION = YES;
				CLANG_WARN_INFINITE_RECURSION = YES;
				CLANG_WARN_INT_CONVERSION = YES;
				CLANG_WARN_NON_LITERAL_NULL_CONVERSION = YES;
				CLANG_WARN_OBJC_IMPLICIT_RETAIN_SELF = YES;
				CLANG_WARN_OBJC_LITERAL_CONVERSION = YES;
				CLANG_WARN_OBJC_ROOT_CLASS = YES_ERROR;
				CLANG_WARN_QUOTED_INCLUDE_IN_FRAMEWORK_HEADER = YES;
				CLANG_WARN_RANGE_LOOP_ANALYSIS = YES;
				CLANG_WARN_STRICT_PROTOTYPES = YES;
				CLANG_WARN_SUSPICIOUS_MOVE = YES;
				CLANG_WARN_UNGUARDED_AVAILABILITY = YES_AGGRESSIVE;
				CLANG_WARN_UNREACHABLE_CODE = YES;
				CLANG_WARN__DUPLICATE_METHOD_MATCH = YES;
				COPY_PHASE_STRIP = NO;
				DEBUG_INFORMATION_FORMAT = "dwarf-with-dsym";
				ENABLE_NS_ASSERTIONS = NO;
				ENABLE_STRICT_OBJC_MSGSEND = YES;
				GCC_C_LANGUAGE_STANDARD = gnu11;
				GCC_NO_COMMON_BLOCKS = YES;
				GCC_WARN_64_TO_32_BIT_CONVERSION = YES;
				GCC_WARN_ABOUT_RETURN_TYPE = YES_ERROR;
				GCC_WARN_UNDECLARED_SELECTOR = YES;
				GCC_WARN_UNINITIALIZED_AUTOS = YES_AGGRESSIVE;
				GCC_WARN_UNUSED_FUNCTION = YES;
				GCC_WARN_UNUSED_VARIABLE = YES;
				IPHONEOS_DEPLOYMENT_TARGET = 14.4;
				MTL_ENABLE_DEBUG_INFO = NO;
				MTL_FAST_MATH = YES;
				SDKROOT = iphoneos;
				SWIFT_COMPILATION_MODE = wholemodule;
				SWIFT_OPTIMIZATION_LEVEL = "-O";
				VALIDATE_PRODUCT = YES;
			};
			name = Release;
		};
		C4B1138825FE7B2E007B74B4 /* Debug */ = {
			isa = XCBuildConfiguration;
			buildSettings = {
				ASSETCATALOG_COMPILER_APPICON_NAME = AppIcon;
				ASSETCATALOG_COMPILER_GLOBAL_ACCENT_COLOR_NAME = AccentColor;
				CODE_SIGN_STYLE = Automatic;
				DEVELOPMENT_TEAM = W2HFS492D7;
				ENABLE_PREVIEWS = YES;
				INFOPLIST_FILE = Insurance/Application/Configuration/Info.plist;
				IPHONEOS_DEPLOYMENT_TARGET = 14.0;
				LD_RUNPATH_SEARCH_PATHS = (
					"$(inherited)",
					"@executable_path/Frameworks",
				);
				PRODUCT_BUNDLE_IDENTIFIER = com.rpairo.Insurance;
				PRODUCT_NAME = "$(TARGET_NAME)";
				SWIFT_VERSION = 5.0;
				TARGETED_DEVICE_FAMILY = "1,2";
			};
			name = Debug;
		};
		C4B1138925FE7B2E007B74B4 /* Release */ = {
			isa = XCBuildConfiguration;
			buildSettings = {
				ASSETCATALOG_COMPILER_APPICON_NAME = AppIcon;
				ASSETCATALOG_COMPILER_GLOBAL_ACCENT_COLOR_NAME = AccentColor;
				CODE_SIGN_STYLE = Automatic;
				DEVELOPMENT_TEAM = W2HFS492D7;
				ENABLE_PREVIEWS = YES;
				INFOPLIST_FILE = Insurance/Application/Configuration/Info.plist;
				IPHONEOS_DEPLOYMENT_TARGET = 14.0;
				LD_RUNPATH_SEARCH_PATHS = (
					"$(inherited)",
					"@executable_path/Frameworks",
				);
				PRODUCT_BUNDLE_IDENTIFIER = com.rpairo.Insurance;
				PRODUCT_NAME = "$(TARGET_NAME)";
				SWIFT_VERSION = 5.0;
				TARGETED_DEVICE_FAMILY = "1,2";
			};
			name = Release;
		};
/* End XCBuildConfiguration section */

/* Begin XCConfigurationList section */
		C4B1137325FE7B2D007B74B4 /* Build configuration list for PBXProject "Insurance" */ = {
			isa = XCConfigurationList;
			buildConfigurations = (
				C4B1138525FE7B2E007B74B4 /* Debug */,
				C4B1138625FE7B2E007B74B4 /* Release */,
			);
			defaultConfigurationIsVisible = 0;
			defaultConfigurationName = Release;
		};
		C4B1138725FE7B2E007B74B4 /* Build configuration list for PBXNativeTarget "Insurance" */ = {
			isa = XCConfigurationList;
			buildConfigurations = (
				C4B1138825FE7B2E007B74B4 /* Debug */,
				C4B1138925FE7B2E007B74B4 /* Release */,
			);
			defaultConfigurationIsVisible = 0;
			defaultConfigurationName = Release;
		};
/* End XCConfigurationList section */
	};
	rootObject = C4B1137025FE7B2D007B74B4 /* Project object */;
}
